
Microsoft Visual Studio Solution File, Format Version 12.00
# Visual Studio Version 17
VisualStudioVersion = 17.12.35506.116
MinimumVisualStudioVersion = 10.0.40219.1
Project("{FAE04EC0-301F-11D3-BF4B-00C04F79EFBC}") = "KwikMedical_Server", "KwikMedical_Server\KwikMedical_Server.csproj", "{5B15D08E-F569-475C-BFDD-3EC48325487A}"
EndProject
Project("{FAE04EC0-301F-11D3-BF4B-00C04F79EFBC}") = "KwikMedicalUI_WPF", "KwikMedicalUI_WPF\KwikMedicalUI_WPF.csproj", "{EE357D8C-C6C9-447B-8DB9-055E97C98BC8}"
EndProject
Global
	GlobalSection(SolutionConfigurationPlatforms) = preSolution
		Debug|Any CPU = Debug|Any CPU
		Release|Any CPU = Release|Any CPU
	EndGlobalSection
	GlobalSection(ProjectConfigurationPlatforms) = postSolution
		{5B15D08E-F569-475C-BFDD-3EC48325487A}.Debug|Any CPU.ActiveCfg = Debug|Any CPU
		{5B15D08E-F569-475C-BFDD-3EC48325487A}.Debug|Any CPU.Build.0 = Debug|Any CPU
		{5B15D08E-F569-475C-BFDD-3EC48325487A}.Release|Any CPU.ActiveCfg = Release|Any CPU
		{5B15D08E-F569-475C-BFDD-3EC48325487A}.Release|Any CPU.Build.0 = Release|Any CPU
		{EE357D8C-C6C9-447B-8DB9-055E97C98BC8}.Debug|Any CPU.ActiveCfg = Debug|Any CPU
		{EE357D8C-C6C9-447B-8DB9-055E97C98BC8}.Debug|Any CPU.Build.0 = Debug|Any CPU
		{EE357D8C-C6C9-447B-8DB9-055E97C98BC8}.Release|Any CPU.ActiveCfg = Release|Any CPU
		{EE357D8C-C6C9-447B-8DB9-055E97C98BC8}.Release|Any CPU.Build.0 = Release|Any CPU
	EndGlobalSection
	GlobalSection(SolutionProperties) = preSolution
		HideSolutionNode = FALSE
	EndGlobalSection
EndGlobal
