
Microsoft Visual Studio Solution File, Format Version 12.00
# Visual Studio Version 17
VisualStudioVersion = 17.3.32825.248
MinimumVisualStudioVersion = 10.0.40219.1
Project("{FAE04EC0-301F-11D3-BF4B-00C04F79EFBC}") = "Sokoban - OOP Assessment", "Sokoban - OOP Assessment\Sokoban - OOP Assessment.csproj", "{ED7E103B-6D62-4340-85EB-1C2C16F641A3}"
EndProject
Global
	GlobalSection(SolutionConfigurationPlatforms) = preSolution
		Debug|Any CPU = Debug|Any CPU
		Release|Any CPU = Release|Any CPU
	EndGlobalSection
	GlobalSection(ProjectConfigurationPlatforms) = postSolution
		{ED7E103B-6D62-4340-85EB-1C2C16F641A3}.Debug|Any CPU.ActiveCfg = Debug|Any CPU
		{ED7E103B-6D62-4340-85EB-1C2C16F641A3}.Debug|Any CPU.Build.0 = Debug|Any CPU
		{ED7E103B-6D62-4340-85EB-1C2C16F641A3}.Release|Any CPU.ActiveCfg = Release|Any CPU
		{ED7E103B-6D62-4340-85EB-1C2C16F641A3}.Release|Any CPU.Build.0 = Release|Any CPU
	EndGlobalSection
	GlobalSection(SolutionProperties) = preSolution
		HideSolutionNode = FALSE
	EndGlobalSection
	GlobalSection(ExtensibilityGlobals) = postSolution
		SolutionGuid = {5C82399E-3133-4FD1-A76B-6CFA589A4564}
	EndGlobalSection
EndGlobal
